// !$*UTF8*$!
{
	archiveVersion = 1;
	classes = {
	};
	objectVersion = 48;
	objects = {

/* Begin PBXBuildFile section */
		5815BDD220D95D4A005150CB /* Main.storyboard in Resources */ = {isa = PBXBuildFile; fileRef = 5815BDD020D95D4A005150CB /* Main.storyboard */; };
		5815BDD420D95D4A005150CB /* Assets.xcassets in Resources */ = {isa = PBXBuildFile; fileRef = 5815BDD320D95D4A005150CB /* Assets.xcassets */; };
		5815BDD720D95D4A005150CB /* LaunchScreen.storyboard in Resources */ = {isa = PBXBuildFile; fileRef = 5815BDD520D95D4A005150CB /* LaunchScreen.storyboard */; };
		5815BDED20D95D4B005150CB /* FlickerSampleUITests.swift in Sources */ = {isa = PBXBuildFile; fileRef = 5815BDEC20D95D4B005150CB /* FlickerSampleUITests.swift */; };
		5815BDFE20D98AF9005150CB /* RestApiRequest.swift in Sources */ = {isa = PBXBuildFile; fileRef = 5815BDFD20D98AF9005150CB /* RestApiRequest.swift */; };
		5815BE0120DAB70B005150CB /* RestApiCore.swift in Sources */ = {isa = PBXBuildFile; fileRef = 5815BE0020DAB70B005150CB /* RestApiCore.swift */; };
		5815BE0320DAB74D005150CB /* RestApiInterface.swift in Sources */ = {isa = PBXBuildFile; fileRef = 5815BE0220DAB74D005150CB /* RestApiInterface.swift */; };
		5815BE1120DADDE9005150CB /* ApiConstant.swift in Sources */ = {isa = PBXBuildFile; fileRef = 5815BE1020DADDE9005150CB /* ApiConstant.swift */; };
		5815BE1420DB49E7005150CB /* AppDelegate.swift in Sources */ = {isa = PBXBuildFile; fileRef = 5815BE1320DB49E6005150CB /* AppDelegate.swift */; };
		5815BE1E20DB4A26005150CB /* FlickerListViewController.swift in Sources */ = {isa = PBXBuildFile; fileRef = 5815BE1D20DB4A26005150CB /* FlickerListViewController.swift */; };
		5815BE2020DB4E91005150CB /* ListViewProtocol.swift in Sources */ = {isa = PBXBuildFile; fileRef = 5815BE1F20DB4E91005150CB /* ListViewProtocol.swift */; };
		5815BE2220DB4F1A005150CB /* FlickerListPresenter.swift in Sources */ = {isa = PBXBuildFile; fileRef = 5815BE2120DB4F1A005150CB /* FlickerListPresenter.swift */; };
		5815BE2420DB4F65005150CB /* FlickerListInteractor.swift in Sources */ = {isa = PBXBuildFile; fileRef = 5815BE2320DB4F65005150CB /* FlickerListInteractor.swift */; };
		5815BE2820DB5DFD005150CB /* FlickerPhotoTableViewCell.swift in Sources */ = {isa = PBXBuildFile; fileRef = 5815BE2620DB5DFD005150CB /* FlickerPhotoTableViewCell.swift */; };
		5815BE2920DB5DFD005150CB /* FlickerPhotoTableViewCell.xib in Resources */ = {isa = PBXBuildFile; fileRef = 5815BE2720DB5DFD005150CB /* FlickerPhotoTableViewCell.xib */; };
		5815BE2D20DBC952005150CB /* TableViewExtension.swift in Sources */ = {isa = PBXBuildFile; fileRef = 5815BE2C20DBC952005150CB /* TableViewExtension.swift */; };
		5815BE3120DBD8D5005150CB /* CollectionImageViewCell.swift in Sources */ = {isa = PBXBuildFile; fileRef = 5815BE2F20DBD8D5005150CB /* CollectionImageViewCell.swift */; };
		5815BE3220DBD8D5005150CB /* CollectionImageViewCell.xib in Resources */ = {isa = PBXBuildFile; fileRef = 5815BE3020DBD8D5005150CB /* CollectionImageViewCell.xib */; };
		5815BE3420DC01AC005150CB /* ImageViewExtension.swift in Sources */ = {isa = PBXBuildFile; fileRef = 5815BE3320DC01AC005150CB /* ImageViewExtension.swift */; };
		588F3AC720DC0C7E00E76439 /* FlickerImageCacheManager.swift in Sources */ = {isa = PBXBuildFile; fileRef = 588F3AC620DC0C7E00E76439 /* FlickerImageCacheManager.swift */; };
		588F3AC920DC0DEC00E76439 /* FlickerImageApiRequest.swift in Sources */ = {isa = PBXBuildFile; fileRef = 588F3AC820DC0DEC00E76439 /* FlickerImageApiRequest.swift */; };
		588F3ACB20DC0F7F00E76439 /* FlickerImageApiManager.swift in Sources */ = {isa = PBXBuildFile; fileRef = 588F3ACA20DC0F7F00E76439 /* FlickerImageApiManager.swift */; };
		588F3ACE20DC2D5300E76439 /* PhotoModel.swift in Sources */ = {isa = PBXBuildFile; fileRef = 588F3ACD20DC2D5300E76439 /* PhotoModel.swift */; };
		588F3AD520DC2D9C00E76439 /* FlickerListApiInterface.swift in Sources */ = {isa = PBXBuildFile; fileRef = 588F3AD120DC2D9C00E76439 /* FlickerListApiInterface.swift */; };
		588F3AD620DC2D9C00E76439 /* FlickerListApiManager.swift in Sources */ = {isa = PBXBuildFile; fileRef = 588F3AD220DC2D9C00E76439 /* FlickerListApiManager.swift */; };
		588F3AD720DC2D9C00E76439 /* FlickerListApiRequest.swift in Sources */ = {isa = PBXBuildFile; fileRef = 588F3AD420DC2D9C00E76439 /* FlickerListApiRequest.swift */; };
		588F3ADA20DC2E8C00E76439 /* ListViewControllerTest.swift in Sources */ = {isa = PBXBuildFile; fileRef = 588F3AD920DC2E8C00E76439 /* ListViewControllerTest.swift */; };
/* End PBXBuildFile section */

/* Begin PBXContainerItemProxy section */
		5815BDDE20D95D4B005150CB /* PBXContainerItemProxy */ = {
			isa = PBXContainerItemProxy;
			containerPortal = 5815BDC120D95D4A005150CB /* Project object */;
			proxyType = 1;
			remoteGlobalIDString = 5815BDC820D95D4A005150CB;
			remoteInfo = FlickerSample;
		};
		5815BDE920D95D4B005150CB /* PBXContainerItemProxy */ = {
			isa = PBXContainerItemProxy;
			containerPortal = 5815BDC120D95D4A005150CB /* Project object */;
			proxyType = 1;
			remoteGlobalIDString = 5815BDC820D95D4A005150CB;
			remoteInfo = FlickerSample;
		};
/* End PBXContainerItemProxy section */

/* Begin PBXFileReference section */
		5815BDC920D95D4A005150CB /* FlickerSample.app */ = {isa = PBXFileReference; explicitFileType = wrapper.application; includeInIndex = 0; path = FlickerSample.app; sourceTree = BUILT_PRODUCTS_DIR; };
		5815BDD120D95D4A005150CB /* Base */ = {isa = PBXFileReference; lastKnownFileType = file.storyboard; name = Base; path = Base.lproj/Main.storyboard; sourceTree = "<group>"; };
		5815BDD320D95D4A005150CB /* Assets.xcassets */ = {isa = PBXFileReference; lastKnownFileType = folder.assetcatalog; path = Assets.xcassets; sourceTree = "<group>"; };
		5815BDD620D95D4A005150CB /* Base */ = {isa = PBXFileReference; lastKnownFileType = file.storyboard; name = Base; path = Base.lproj/LaunchScreen.storyboard; sourceTree = "<group>"; };
		5815BDD820D95D4A005150CB /* Info.plist */ = {isa = PBXFileReference; lastKnownFileType = text.plist.xml; path = Info.plist; sourceTree = "<group>"; };
		5815BDDD20D95D4B005150CB /* FlickerSampleTests.xctest */ = {isa = PBXFileReference; explicitFileType = wrapper.cfbundle; includeInIndex = 0; path = FlickerSampleTests.xctest; sourceTree = BUILT_PRODUCTS_DIR; };
		5815BDE320D95D4B005150CB /* Info.plist */ = {isa = PBXFileReference; lastKnownFileType = text.plist.xml; path = Info.plist; sourceTree = "<group>"; };
		5815BDE820D95D4B005150CB /* FlickerSampleUITests.xctest */ = {isa = PBXFileReference; explicitFileType = wrapper.cfbundle; includeInIndex = 0; path = FlickerSampleUITests.xctest; sourceTree = BUILT_PRODUCTS_DIR; };
		5815BDEC20D95D4B005150CB /* FlickerSampleUITests.swift */ = {isa = PBXFileReference; lastKnownFileType = sourcecode.swift; path = FlickerSampleUITests.swift; sourceTree = "<group>"; };
		5815BDEE20D95D4B005150CB /* Info.plist */ = {isa = PBXFileReference; lastKnownFileType = text.plist.xml; path = Info.plist; sourceTree = "<group>"; };
		5815BDFD20D98AF9005150CB /* RestApiRequest.swift */ = {isa = PBXFileReference; lastKnownFileType = sourcecode.swift; path = RestApiRequest.swift; sourceTree = "<group>"; };
		5815BE0020DAB70B005150CB /* RestApiCore.swift */ = {isa = PBXFileReference; lastKnownFileType = sourcecode.swift; path = RestApiCore.swift; sourceTree = "<group>"; };
		5815BE0220DAB74D005150CB /* RestApiInterface.swift */ = {isa = PBXFileReference; lastKnownFileType = sourcecode.swift; path = RestApiInterface.swift; sourceTree = "<group>"; };
		5815BE1020DADDE9005150CB /* ApiConstant.swift */ = {isa = PBXFileReference; lastKnownFileType = sourcecode.swift; path = ApiConstant.swift; sourceTree = "<group>"; };
		5815BE1320DB49E6005150CB /* AppDelegate.swift */ = {isa = PBXFileReference; fileEncoding = 4; lastKnownFileType = sourcecode.swift; path = AppDelegate.swift; sourceTree = "<group>"; };
		5815BE1D20DB4A26005150CB /* FlickerListViewController.swift */ = {isa = PBXFileReference; fileEncoding = 4; lastKnownFileType = sourcecode.swift; path = FlickerListViewController.swift; sourceTree = "<group>"; };
		5815BE1F20DB4E91005150CB /* ListViewProtocol.swift */ = {isa = PBXFileReference; lastKnownFileType = sourcecode.swift; path = ListViewProtocol.swift; sourceTree = "<group>"; };
		5815BE2120DB4F1A005150CB /* FlickerListPresenter.swift */ = {isa = PBXFileReference; lastKnownFileType = sourcecode.swift; path = FlickerListPresenter.swift; sourceTree = "<group>"; };
		5815BE2320DB4F65005150CB /* FlickerListInteractor.swift */ = {isa = PBXFileReference; lastKnownFileType = sourcecode.swift; path = FlickerListInteractor.swift; sourceTree = "<group>"; };
		5815BE2620DB5DFD005150CB /* FlickerPhotoTableViewCell.swift */ = {isa = PBXFileReference; lastKnownFileType = sourcecode.swift; path = FlickerPhotoTableViewCell.swift; sourceTree = "<group>"; };
		5815BE2720DB5DFD005150CB /* FlickerPhotoTableViewCell.xib */ = {isa = PBXFileReference; lastKnownFileType = file.xib; path = FlickerPhotoTableViewCell.xib; sourceTree = "<group>"; };
		5815BE2C20DBC952005150CB /* TableViewExtension.swift */ = {isa = PBXFileReference; lastKnownFileType = sourcecode.swift; path = TableViewExtension.swift; sourceTree = "<group>"; };
		5815BE2F20DBD8D5005150CB /* CollectionImageViewCell.swift */ = {isa = PBXFileReference; lastKnownFileType = sourcecode.swift; path = CollectionImageViewCell.swift; sourceTree = "<group>"; };
		5815BE3020DBD8D5005150CB /* CollectionImageViewCell.xib */ = {isa = PBXFileReference; lastKnownFileType = file.xib; path = CollectionImageViewCell.xib; sourceTree = "<group>"; };
		5815BE3320DC01AC005150CB /* ImageViewExtension.swift */ = {isa = PBXFileReference; lastKnownFileType = sourcecode.swift; path = ImageViewExtension.swift; sourceTree = "<group>"; };
		588F3AC620DC0C7E00E76439 /* FlickerImageCacheManager.swift */ = {isa = PBXFileReference; lastKnownFileType = sourcecode.swift; path = FlickerImageCacheManager.swift; sourceTree = "<group>"; };
		588F3AC820DC0DEC00E76439 /* FlickerImageApiRequest.swift */ = {isa = PBXFileReference; lastKnownFileType = sourcecode.swift; path = FlickerImageApiRequest.swift; sourceTree = "<group>"; };
		588F3ACA20DC0F7F00E76439 /* FlickerImageApiManager.swift */ = {isa = PBXFileReference; lastKnownFileType = sourcecode.swift; path = FlickerImageApiManager.swift; sourceTree = "<group>"; };
		588F3ACD20DC2D5300E76439 /* PhotoModel.swift */ = {isa = PBXFileReference; fileEncoding = 4; lastKnownFileType = sourcecode.swift; path = PhotoModel.swift; sourceTree = "<group>"; };
		588F3AD120DC2D9C00E76439 /* FlickerListApiInterface.swift */ = {isa = PBXFileReference; fileEncoding = 4; lastKnownFileType = sourcecode.swift; path = FlickerListApiInterface.swift; sourceTree = "<group>"; };
		588F3AD220DC2D9C00E76439 /* FlickerListApiManager.swift */ = {isa = PBXFileReference; fileEncoding = 4; lastKnownFileType = sourcecode.swift; path = FlickerListApiManager.swift; sourceTree = "<group>"; };
		588F3AD420DC2D9C00E76439 /* FlickerListApiRequest.swift */ = {isa = PBXFileReference; fileEncoding = 4; lastKnownFileType = sourcecode.swift; path = FlickerListApiRequest.swift; sourceTree = "<group>"; };
		588F3AD920DC2E8C00E76439 /* ListViewControllerTest.swift */ = {isa = PBXFileReference; lastKnownFileType = sourcecode.swift; path = ListViewControllerTest.swift; sourceTree = "<group>"; };
/* End PBXFileReference section */

/* Begin PBXFrameworksBuildPhase section */
		5815BDC620D95D4A005150CB /* Frameworks */ = {
			isa = PBXFrameworksBuildPhase;
			buildActionMask = 2147483647;
			files = (
			);
			runOnlyForDeploymentPostprocessing = 0;
		};
		5815BDDA20D95D4B005150CB /* Frameworks */ = {
			isa = PBXFrameworksBuildPhase;
			buildActionMask = 2147483647;
			files = (
			);
			runOnlyForDeploymentPostprocessing = 0;
		};
		5815BDE520D95D4B005150CB /* Frameworks */ = {
			isa = PBXFrameworksBuildPhase;
			buildActionMask = 2147483647;
			files = (
			);
			runOnlyForDeploymentPostprocessing = 0;
		};
/* End PBXFrameworksBuildPhase section */

/* Begin PBXGroup section */
		5815BDC020D95D4A005150CB = {
			isa = PBXGroup;
			children = (
				5815BDCB20D95D4A005150CB /* FlickerSample */,
				5815BDE020D95D4B005150CB /* FlickerSampleTests */,
				5815BDEB20D95D4B005150CB /* FlickerSampleUITests */,
				5815BDCA20D95D4A005150CB /* Products */,
			);
			sourceTree = "<group>";
		};
		5815BDCA20D95D4A005150CB /* Products */ = {
			isa = PBXGroup;
			children = (
				5815BDC920D95D4A005150CB /* FlickerSample.app */,
				5815BDDD20D95D4B005150CB /* FlickerSampleTests.xctest */,
				5815BDE820D95D4B005150CB /* FlickerSampleUITests.xctest */,
			);
			name = Products;
			sourceTree = "<group>";
		};
		5815BDCB20D95D4A005150CB /* FlickerSample */ = {
			isa = PBXGroup;
			children = (
				5815BE2A20DBC943005150CB /* Utility */,
				5815BE1520DB49F4005150CB /* FlickerListModule */,
				5815BE1220DB49E6005150CB /* AppDelegate */,
				5815BDFA20D98AAA005150CB /* Manager */,
				5815BDD020D95D4A005150CB /* Main.storyboard */,
				5815BDD320D95D4A005150CB /* Assets.xcassets */,
				5815BDD520D95D4A005150CB /* LaunchScreen.storyboard */,
				5815BDD820D95D4A005150CB /* Info.plist */,
			);
			path = FlickerSample;
			sourceTree = "<group>";
		};
		5815BDE020D95D4B005150CB /* FlickerSampleTests */ = {
			isa = PBXGroup;
			children = (
				588F3AD920DC2E8C00E76439 /* ListViewControllerTest.swift */,
				5815BDE320D95D4B005150CB /* Info.plist */,
			);
			path = FlickerSampleTests;
			sourceTree = "<group>";
		};
		5815BDEB20D95D4B005150CB /* FlickerSampleUITests */ = {
			isa = PBXGroup;
			children = (
				5815BDEC20D95D4B005150CB /* FlickerSampleUITests.swift */,
				5815BDEE20D95D4B005150CB /* Info.plist */,
			);
			path = FlickerSampleUITests;
			sourceTree = "<group>";
		};
		5815BDFA20D98AAA005150CB /* Manager */ = {
			isa = PBXGroup;
			children = (
				5815BDFB20D98AAA005150CB /* APIManager */,
				5815BDFC20D98AAA005150CB /* PhotoCacheManager */,
			);
			path = Manager;
			sourceTree = "<group>";
		};
		5815BDFB20D98AAA005150CB /* APIManager */ = {
			isa = PBXGroup;
			children = (
				5815BDFF20DAB6FC005150CB /* APICore */,
				5815BDFD20D98AF9005150CB /* RestApiRequest.swift */,
			);
			path = APIManager;
			sourceTree = "<group>";
		};
		5815BDFC20D98AAA005150CB /* PhotoCacheManager */ = {
			isa = PBXGroup;
			children = (
				588F3AC620DC0C7E00E76439 /* FlickerImageCacheManager.swift */,
				588F3AC820DC0DEC00E76439 /* FlickerImageApiRequest.swift */,
				588F3ACA20DC0F7F00E76439 /* FlickerImageApiManager.swift */,
			);
			path = PhotoCacheManager;
			sourceTree = "<group>";
		};
		5815BDFF20DAB6FC005150CB /* APICore */ = {
			isa = PBXGroup;
			children = (
				5815BE0020DAB70B005150CB /* RestApiCore.swift */,
				5815BE0220DAB74D005150CB /* RestApiInterface.swift */,
				5815BE1020DADDE9005150CB /* ApiConstant.swift */,
			);
			path = APICore;
			sourceTree = "<group>";
		};
		5815BE1220DB49E6005150CB /* AppDelegate */ = {
			isa = PBXGroup;
			children = (
				5815BE1320DB49E6005150CB /* AppDelegate.swift */,
			);
			path = AppDelegate;
			sourceTree = "<group>";
		};
		5815BE1520DB49F4005150CB /* FlickerListModule */ = {
			isa = PBXGroup;
			children = (
				588F3ACF20DC2D9C00E76439 /* FlickerRestApi */,
				588F3ACC20DC2D1D00E76439 /* Entity */,
				5815BE1620DB49F4005150CB /* ApplicationLogic */,
				5815BE1820DB49F4005150CB /* User Interface */,
			);
			path = FlickerListModule;
			sourceTree = "<group>";
		};
		5815BE1620DB49F4005150CB /* ApplicationLogic */ = {
			isa = PBXGroup;
			children = (
				5815BE1720DB49F4005150CB /* Interactor */,
			);
			path = ApplicationLogic;
			sourceTree = "<group>";
		};
		5815BE1720DB49F4005150CB /* Interactor */ = {
			isa = PBXGroup;
			children = (
				5815BE2320DB4F65005150CB /* FlickerListInteractor.swift */,
			);
			path = Interactor;
			sourceTree = "<group>";
		};
		5815BE1820DB49F4005150CB /* User Interface */ = {
			isa = PBXGroup;
			children = (
				5815BE1920DB49F4005150CB /* ListModuleInterface */,
				5815BE1A20DB49F4005150CB /* Presenter */,
				5815BE1C20DB49F4005150CB /* View */,
			);
			path = "User Interface";
			sourceTree = "<group>";
		};
		5815BE1920DB49F4005150CB /* ListModuleInterface */ = {
			isa = PBXGroup;
			children = (
				5815BE1F20DB4E91005150CB /* ListViewProtocol.swift */,
			);
			path = ListModuleInterface;
			sourceTree = "<group>";
		};
		5815BE1A20DB49F4005150CB /* Presenter */ = {
			isa = PBXGroup;
			children = (
				5815BE2120DB4F1A005150CB /* FlickerListPresenter.swift */,
			);
			path = Presenter;
			sourceTree = "<group>";
		};
		5815BE1C20DB49F4005150CB /* View */ = {
			isa = PBXGroup;
			children = (
				5815BE2520DB5DCF005150CB /* CustomeTableView */,
				5815BE1D20DB4A26005150CB /* FlickerListViewController.swift */,
			);
			path = View;
			sourceTree = "<group>";
		};
		5815BE2520DB5DCF005150CB /* CustomeTableView */ = {
			isa = PBXGroup;
			children = (
				5815BE2E20DBD8BB005150CB /* CollectionViewCell */,
				5815BE2620DB5DFD005150CB /* FlickerPhotoTableViewCell.swift */,
				5815BE2720DB5DFD005150CB /* FlickerPhotoTableViewCell.xib */,
			);
			path = CustomeTableView;
			sourceTree = "<group>";
		};
		5815BE2A20DBC943005150CB /* Utility */ = {
			isa = PBXGroup;
			children = (
				5815BE2B20DBC943005150CB /* Extensions */,
			);
			path = Utility;
			sourceTree = "<group>";
		};
		5815BE2B20DBC943005150CB /* Extensions */ = {
			isa = PBXGroup;
			children = (
				5815BE2C20DBC952005150CB /* TableViewExtension.swift */,
				5815BE3320DC01AC005150CB /* ImageViewExtension.swift */,
			);
			path = Extensions;
			sourceTree = "<group>";
		};
		5815BE2E20DBD8BB005150CB /* CollectionViewCell */ = {
			isa = PBXGroup;
			children = (
				5815BE2F20DBD8D5005150CB /* CollectionImageViewCell.swift */,
				5815BE3020DBD8D5005150CB /* CollectionImageViewCell.xib */,
			);
			path = CollectionViewCell;
			sourceTree = "<group>";
		};
		588F3ACC20DC2D1D00E76439 /* Entity */ = {
			isa = PBXGroup;
			children = (
				588F3ACD20DC2D5300E76439 /* PhotoModel.swift */,
			);
			path = Entity;
			sourceTree = "<group>";
		};
		588F3ACF20DC2D9C00E76439 /* FlickerRestApi */ = {
			isa = PBXGroup;
			children = (
				588F3AD020DC2D9C00E76439 /* FlickerListApiManager */,
				588F3AD320DC2D9C00E76439 /* FlickerListApiRequest */,
			);
			path = FlickerRestApi;
			sourceTree = "<group>";
		};
		588F3AD020DC2D9C00E76439 /* FlickerListApiManager */ = {
			isa = PBXGroup;
			children = (
				588F3AD120DC2D9C00E76439 /* FlickerListApiInterface.swift */,
				588F3AD220DC2D9C00E76439 /* FlickerListApiManager.swift */,
			);
			path = FlickerListApiManager;
			sourceTree = "<group>";
		};
		588F3AD320DC2D9C00E76439 /* FlickerListApiRequest */ = {
			isa = PBXGroup;
			children = (
				588F3AD420DC2D9C00E76439 /* FlickerListApiRequest.swift */,
			);
			path = FlickerListApiRequest;
			sourceTree = "<group>";
		};
/* End PBXGroup section */

/* Begin PBXNativeTarget section */
		5815BDC820D95D4A005150CB /* FlickerSample */ = {
			isa = PBXNativeTarget;
			buildConfigurationList = 5815BDF120D95D4B005150CB /* Build configuration list for PBXNativeTarget "FlickerSample" */;
			buildPhases = (
				5815BDC520D95D4A005150CB /* Sources */,
				5815BDC620D95D4A005150CB /* Frameworks */,
				5815BDC720D95D4A005150CB /* Resources */,
			);
			buildRules = (
			);
			dependencies = (
			);
			name = FlickerSample;
			productName = FlickerSample;
			productReference = 5815BDC920D95D4A005150CB /* FlickerSample.app */;
			productType = "com.apple.product-type.application";
		};
		5815BDDC20D95D4B005150CB /* FlickerSampleTests */ = {
			isa = PBXNativeTarget;
			buildConfigurationList = 5815BDF420D95D4B005150CB /* Build configuration list for PBXNativeTarget "FlickerSampleTests" */;
			buildPhases = (
				5815BDD920D95D4B005150CB /* Sources */,
				5815BDDA20D95D4B005150CB /* Frameworks */,
				5815BDDB20D95D4B005150CB /* Resources */,
			);
			buildRules = (
			);
			dependencies = (
				5815BDDF20D95D4B005150CB /* PBXTargetDependency */,
			);
			name = FlickerSampleTests;
			productName = FlickerSampleTests;
			productReference = 5815BDDD20D95D4B005150CB /* FlickerSampleTests.xctest */;
			productType = "com.apple.product-type.bundle.unit-test";
		};
		5815BDE720D95D4B005150CB /* FlickerSampleUITests */ = {
			isa = PBXNativeTarget;
			buildConfigurationList = 5815BDF720D95D4B005150CB /* Build configuration list for PBXNativeTarget "FlickerSampleUITests" */;
			buildPhases = (
				5815BDE420D95D4B005150CB /* Sources */,
				5815BDE520D95D4B005150CB /* Frameworks */,
				5815BDE620D95D4B005150CB /* Resources */,
			);
			buildRules = (
			);
			dependencies = (
				5815BDEA20D95D4B005150CB /* PBXTargetDependency */,
			);
			name = FlickerSampleUITests;
			productName = FlickerSampleUITests;
			productReference = 5815BDE820D95D4B005150CB /* FlickerSampleUITests.xctest */;
			productType = "com.apple.product-type.bundle.ui-testing";
		};
/* End PBXNativeTarget section */

/* Begin PBXProject section */
		5815BDC120D95D4A005150CB /* Project object */ = {
			isa = PBXProject;
			attributes = {
				LastSwiftUpdateCheck = 0920;
				LastUpgradeCheck = 0920;
				ORGANIZATIONNAME = "Ravi Tailor";
				TargetAttributes = {
					5815BDC820D95D4A005150CB = {
						CreatedOnToolsVersion = 9.2;
						ProvisioningStyle = Automatic;
					};
					5815BDDC20D95D4B005150CB = {
						CreatedOnToolsVersion = 9.2;
						ProvisioningStyle = Automatic;
						TestTargetID = 5815BDC820D95D4A005150CB;
					};
					5815BDE720D95D4B005150CB = {
						CreatedOnToolsVersion = 9.2;
						ProvisioningStyle = Automatic;
						TestTargetID = 5815BDC820D95D4A005150CB;
					};
				};
			};
			buildConfigurationList = 5815BDC420D95D4A005150CB /* Build configuration list for PBXProject "FlickerSample" */;
			compatibilityVersion = "Xcode 8.0";
			developmentRegion = en;
			hasScannedForEncodings = 0;
			knownRegions = (
				en,
				Base,
			);
			mainGroup = 5815BDC020D95D4A005150CB;
			productRefGroup = 5815BDCA20D95D4A005150CB /* Products */;
			projectDirPath = "";
			projectRoot = "";
			targets = (
				5815BDC820D95D4A005150CB /* FlickerSample */,
				5815BDDC20D95D4B005150CB /* FlickerSampleTests */,
				5815BDE720D95D4B005150CB /* FlickerSampleUITests */,
			);
		};
/* End PBXProject section */

/* Begin PBXResourcesBuildPhase section */
		5815BDC720D95D4A005150CB /* Resources */ = {
			isa = PBXResourcesBuildPhase;
			buildActionMask = 2147483647;
			files = (
				5815BDD720D95D4A005150CB /* LaunchScreen.storyboard in Resources */,
				5815BDD420D95D4A005150CB /* Assets.xcassets in Resources */,
				5815BDD220D95D4A005150CB /* Main.storyboard in Resources */,
				5815BE3220DBD8D5005150CB /* CollectionImageViewCell.xib in Resources */,
				5815BE2920DB5DFD005150CB /* FlickerPhotoTableViewCell.xib in Resources */,
			);
			runOnlyForDeploymentPostprocessing = 0;
		};
		5815BDDB20D95D4B005150CB /* Resources */ = {
			isa = PBXResourcesBuildPhase;
			buildActionMask = 2147483647;
			files = (
			);
			runOnlyForDeploymentPostprocessing = 0;
		};
		5815BDE620D95D4B005150CB /* Resources */ = {
			isa = PBXResourcesBuildPhase;
			buildActionMask = 2147483647;
			files = (
			);
			runOnlyForDeploymentPostprocessing = 0;
		};
/* End PBXResourcesBuildPhase section */

/* Begin PBXSourcesBuildPhase section */
		5815BDC520D95D4A005150CB /* Sources */ = {
			isa = PBXSourcesBuildPhase;
			buildActionMask = 2147483647;
			files = (
				5815BE2420DB4F65005150CB /* FlickerListInteractor.swift in Sources */,
				588F3AD520DC2D9C00E76439 /* FlickerListApiInterface.swift in Sources */,
				5815BE3120DBD8D5005150CB /* CollectionImageViewCell.swift in Sources */,
				5815BE2220DB4F1A005150CB /* FlickerListPresenter.swift in Sources */,
				588F3AC920DC0DEC00E76439 /* FlickerImageApiRequest.swift in Sources */,
				588F3AD720DC2D9C00E76439 /* FlickerListApiRequest.swift in Sources */,
				5815BE0120DAB70B005150CB /* RestApiCore.swift in Sources */,
				5815BE1E20DB4A26005150CB /* FlickerListViewController.swift in Sources */,
				5815BE1420DB49E7005150CB /* AppDelegate.swift in Sources */,
				588F3AC720DC0C7E00E76439 /* FlickerImageCacheManager.swift in Sources */,
				5815BE2820DB5DFD005150CB /* FlickerPhotoTableViewCell.swift in Sources */,
				5815BE0320DAB74D005150CB /* RestApiInterface.swift in Sources */,
				5815BE2D20DBC952005150CB /* TableViewExtension.swift in Sources */,
				588F3AD620DC2D9C00E76439 /* FlickerListApiManager.swift in Sources */,
				5815BDFE20D98AF9005150CB /* RestApiRequest.swift in Sources */,
				588F3ACB20DC0F7F00E76439 /* FlickerImageApiManager.swift in Sources */,
				5815BE3420DC01AC005150CB /* ImageViewExtension.swift in Sources */,
				5815BE2020DB4E91005150CB /* ListViewProtocol.swift in Sources */,
				5815BE1120DADDE9005150CB /* ApiConstant.swift in Sources */,
				588F3ACE20DC2D5300E76439 /* PhotoModel.swift in Sources */,
			);
			runOnlyForDeploymentPostprocessing = 0;
		};
		5815BDD920D95D4B005150CB /* Sources */ = {
			isa = PBXSourcesBuildPhase;
			buildActionMask = 2147483647;
			files = (
				588F3ADA20DC2E8C00E76439 /* ListViewControllerTest.swift in Sources */,
			);
			runOnlyForDeploymentPostprocessing = 0;
		};
		5815BDE420D95D4B005150CB /* Sources */ = {
			isa = PBXSourcesBuildPhase;
			buildActionMask = 2147483647;
			files = (
				5815BDED20D95D4B005150CB /* FlickerSampleUITests.swift in Sources */,
			);
			runOnlyForDeploymentPostprocessing = 0;
		};
/* End PBXSourcesBuildPhase section */

/* Begin PBXTargetDependency section */
		5815BDDF20D95D4B005150CB /* PBXTargetDependency */ = {
			isa = PBXTargetDependency;
			target = 5815BDC820D95D4A005150CB /* FlickerSample */;
			targetProxy = 5815BDDE20D95D4B005150CB /* PBXContainerItemProxy */;
		};
		5815BDEA20D95D4B005150CB /* PBXTargetDependency */ = {
			isa = PBXTargetDependency;
			target = 5815BDC820D95D4A005150CB /* FlickerSample */;
			targetProxy = 5815BDE920D95D4B005150CB /* PBXContainerItemProxy */;
		};
/* End PBXTargetDependency section */

/* Begin PBXVariantGroup section */
		5815BDD020D95D4A005150CB /* Main.storyboard */ = {
			isa = PBXVariantGroup;
			children = (
				5815BDD120D95D4A005150CB /* Base */,
			);
			name = Main.storyboard;
			sourceTree = "<group>";
		};
		5815BDD520D95D4A005150CB /* LaunchScreen.storyboard */ = {
			isa = PBXVariantGroup;
			children = (
				5815BDD620D95D4A005150CB /* Base */,
			);
			name = LaunchScreen.storyboard;
			sourceTree = "<group>";
		};
/* End PBXVariantGroup section */

/* Begin XCBuildConfiguration section */
		5815BDEF20D95D4B005150CB /* Debug */ = {
			isa = XCBuildConfiguration;
			buildSettings = {
				ALWAYS_SEARCH_USER_PATHS = NO;
				CLANG_ANALYZER_NONNULL = YES;
				CLANG_ANALYZER_NUMBER_OBJECT_CONVERSION = YES_AGGRESSIVE;
				CLANG_CXX_LANGUAGE_STANDARD = "gnu++14";
				CLANG_CXX_LIBRARY = "libc++";
				CLANG_ENABLE_MODULES = YES;
				CLANG_ENABLE_OBJC_ARC = YES;
				CLANG_WARN_BLOCK_CAPTURE_AUTORELEASING = YES;
				CLANG_WARN_BOOL_CONVERSION = YES;
				CLANG_WARN_COMMA = YES;
				CLANG_WARN_CONSTANT_CONVERSION = YES;
				CLANG_WARN_DIRECT_OBJC_ISA_USAGE = YES_ERROR;
				CLANG_WARN_DOCUMENTATION_COMMENTS = YES;
				CLANG_WARN_EMPTY_BODY = YES;
				CLANG_WARN_ENUM_CONVERSION = YES;
				CLANG_WARN_INFINITE_RECURSION = YES;
				CLANG_WARN_INT_CONVERSION = YES;
				CLANG_WARN_NON_LITERAL_NULL_CONVERSION = YES;
				CLANG_WARN_OBJC_LITERAL_CONVERSION = YES;
				CLANG_WARN_OBJC_ROOT_CLASS = YES_ERROR;
				CLANG_WARN_RANGE_LOOP_ANALYSIS = YES;
				CLANG_WARN_STRICT_PROTOTYPES = YES;
				CLANG_WARN_SUSPICIOUS_MOVE = YES;
				CLANG_WARN_UNGUARDED_AVAILABILITY = YES_AGGRESSIVE;
				CLANG_WARN_UNREACHABLE_CODE = YES;
				CLANG_WARN__DUPLICATE_METHOD_MATCH = YES;
				CODE_SIGN_IDENTITY = "iPhone Developer";
				COPY_PHASE_STRIP = NO;
				DEBUG_INFORMATION_FORMAT = dwarf;
				ENABLE_STRICT_OBJC_MSGSEND = YES;
				ENABLE_TESTABILITY = YES;
				GCC_C_LANGUAGE_STANDARD = gnu11;
				GCC_DYNAMIC_NO_PIC = NO;
				GCC_NO_COMMON_BLOCKS = YES;
				GCC_OPTIMIZATION_LEVEL = 0;
				GCC_PREPROCESSOR_DEFINITIONS = (
					"DEBUG=1",
					"$(inherited)",
				);
				GCC_WARN_64_TO_32_BIT_CONVERSION = YES;
				GCC_WARN_ABOUT_RETURN_TYPE = YES_ERROR;
				GCC_WARN_UNDECLARED_SELECTOR = YES;
				GCC_WARN_UNINITIALIZED_AUTOS = YES_AGGRESSIVE;
				GCC_WARN_UNUSED_FUNCTION = YES;
				GCC_WARN_UNUSED_VARIABLE = YES;
				IPHONEOS_DEPLOYMENT_TARGET = 10.0;
				MTL_ENABLE_DEBUG_INFO = YES;
				ONLY_ACTIVE_ARCH = YES;
				SDKROOT = iphoneos;
				SWIFT_ACTIVE_COMPILATION_CONDITIONS = DEBUG;
				SWIFT_OPTIMIZATION_LEVEL = "-Onone";
			};
			name = Debug;
		};
		5815BDF020D95D4B005150CB /* Release */ = {
			isa = XCBuildConfiguration;
			buildSettings = {
				ALWAYS_SEARCH_USER_PATHS = NO;
				CLANG_ANALYZER_NONNULL = YES;
				CLANG_ANALYZER_NUMBER_OBJECT_CONVERSION = YES_AGGRESSIVE;
				CLANG_CXX_LANGUAGE_STANDARD = "gnu++14";
				CLANG_CXX_LIBRARY = "libc++";
				CLANG_ENABLE_MODULES = YES;
				CLANG_ENABLE_OBJC_ARC = YES;
				CLANG_WARN_BLOCK_CAPTURE_AUTORELEASING = YES;
				CLANG_WARN_BOOL_CONVERSION = YES;
				CLANG_WARN_COMMA = YES;
				CLANG_WARN_CONSTANT_CONVERSION = YES;
				CLANG_WARN_DIRECT_OBJC_ISA_USAGE = YES_ERROR;
				CLANG_WARN_DOCUMENTATION_COMMENTS = YES;
				CLANG_WARN_EMPTY_BODY = YES;
				CLANG_WARN_ENUM_CONVERSION = YES;
				CLANG_WARN_INFINITE_RECURSION = YES;
				CLANG_WARN_INT_CONVERSION = YES;
				CLANG_WARN_NON_LITERAL_NULL_CONVERSION = YES;
				CLANG_WARN_OBJC_LITERAL_CONVERSION = YES;
				CLANG_WARN_OBJC_ROOT_CLASS = YES_ERROR;
				CLANG_WARN_RANGE_LOOP_ANALYSIS = YES;
				CLANG_WARN_STRICT_PROTOTYPES = YES;
				CLANG_WARN_SUSPICIOUS_MOVE = YES;
				CLANG_WARN_UNGUARDED_AVAILABILITY = YES_AGGRESSIVE;
				CLANG_WARN_UNREACHABLE_CODE = YES;
				CLANG_WARN__DUPLICATE_METHOD_MATCH = YES;
				CODE_SIGN_IDENTITY = "iPhone Developer";
				COPY_PHASE_STRIP = NO;
				DEBUG_INFORMATION_FORMAT = "dwarf-with-dsym";
				ENABLE_NS_ASSERTIONS = NO;
				ENABLE_STRICT_OBJC_MSGSEND = YES;
				GCC_C_LANGUAGE_STANDARD = gnu11;
				GCC_NO_COMMON_BLOCKS = YES;
				GCC_WARN_64_TO_32_BIT_CONVERSION = YES;
				GCC_WARN_ABOUT_RETURN_TYPE = YES_ERROR;
				GCC_WARN_UNDECLARED_SELECTOR = YES;
				GCC_WARN_UNINITIALIZED_AUTOS = YES_AGGRESSIVE;
				GCC_WARN_UNUSED_FUNCTION = YES;
				GCC_WARN_UNUSED_VARIABLE = YES;
				IPHONEOS_DEPLOYMENT_TARGET = 10.0;
				MTL_ENABLE_DEBUG_INFO = NO;
				SDKROOT = iphoneos;
				SWIFT_OPTIMIZATION_LEVEL = "-Owholemodule";
				VALIDATE_PRODUCT = YES;
			};
			name = Release;
		};
		5815BDF220D95D4B005150CB /* Debug */ = {
			isa = XCBuildConfiguration;
			buildSettings = {
				ASSETCATALOG_COMPILER_APPICON_NAME = AppIcon;
				CODE_SIGN_STYLE = Automatic;
				DEVELOPMENT_TEAM = 2MNWG2J99Y;
				INFOPLIST_FILE = FlickerSample/Info.plist;
				LD_RUNPATH_SEARCH_PATHS = "$(inherited) @executable_path/Frameworks";
				PRODUCT_BUNDLE_IDENTIFIER = com.ravi.FlickerSample;
				PRODUCT_NAME = "$(TARGET_NAME)";
				SWIFT_VERSION = 4.0;
				TARGETED_DEVICE_FAMILY = "1,2";
			};
			name = Debug;
		};
		5815BDF320D95D4B005150CB /* Release */ = {
			isa = XCBuildConfiguration;
			buildSettings = {
				ASSETCATALOG_COMPILER_APPICON_NAME = AppIcon;
				CODE_SIGN_STYLE = Automatic;
				DEVELOPMENT_TEAM = 2MNWG2J99Y;
				INFOPLIST_FILE = FlickerSample/Info.plist;
				LD_RUNPATH_SEARCH_PATHS = "$(inherited) @executable_path/Frameworks";
				PRODUCT_BUNDLE_IDENTIFIER = com.ravi.FlickerSample;
				PRODUCT_NAME = "$(TARGET_NAME)";
				SWIFT_VERSION = 4.0;
				TARGETED_DEVICE_FAMILY = "1,2";
			};
			name = Release;
		};
		5815BDF520D95D4B005150CB /* Debug */ = {
			isa = XCBuildConfiguration;
			buildSettings = {
				ALWAYS_EMBED_SWIFT_STANDARD_LIBRARIES = YES;
				BUNDLE_LOADER = "$(TEST_HOST)";
				CODE_SIGN_STYLE = Automatic;
				INFOPLIST_FILE = FlickerSampleTests/Info.plist;
				LD_RUNPATH_SEARCH_PATHS = "$(inherited) @executable_path/Frameworks @loader_path/Frameworks";
				PRODUCT_BUNDLE_IDENTIFIER = com.ravi.FlickerSampleTests;
				PRODUCT_NAME = "$(TARGET_NAME)";
				SWIFT_VERSION = 4.0;
				TARGETED_DEVICE_FAMILY = "1,2";
				TEST_HOST = "$(BUILT_PRODUCTS_DIR)/FlickerSample.app/FlickerSample";
			};
			name = Debug;
		};
		5815BDF620D95D4B005150CB /* Release */ = {
			isa = XCBuildConfiguration;
			buildSettings = {
				ALWAYS_EMBED_SWIFT_STANDARD_LIBRARIES = YES;
				BUNDLE_LOADER = "$(TEST_HOST)";
				CODE_SIGN_STYLE = Automatic;
				INFOPLIST_FILE = FlickerSampleTests/Info.plist;
				LD_RUNPATH_SEARCH_PATHS = "$(inherited) @executable_path/Frameworks @loader_path/Frameworks";
				PRODUCT_BUNDLE_IDENTIFIER = com.ravi.FlickerSampleTests;
				PRODUCT_NAME = "$(TARGET_NAME)";
				SWIFT_VERSION = 4.0;
				TARGETED_DEVICE_FAMILY = "1,2";
				TEST_HOST = "$(BUILT_PRODUCTS_DIR)/FlickerSample.app/FlickerSample";
			};
			name = Release;
		};
		5815BDF820D95D4B005150CB /* Debug */ = {
			isa = XCBuildConfiguration;
			buildSettings = {
				ALWAYS_EMBED_SWIFT_STANDARD_LIBRARIES = YES;
				CODE_SIGN_STYLE = Automatic;
				INFOPLIST_FILE = FlickerSampleUITests/Info.plist;
				LD_RUNPATH_SEARCH_PATHS = "$(inherited) @executable_path/Frameworks @loader_path/Frameworks";
				PRODUCT_BUNDLE_IDENTIFIER = com.ravi.FlickerSampleUITests;
				PRODUCT_NAME = "$(TARGET_NAME)";
				SWIFT_VERSION = 4.0;
				TARGETED_DEVICE_FAMILY = "1,2";
				TEST_TARGET_NAME = FlickerSample;
			};
			name = Debug;
		};
		5815BDF920D95D4B005150CB /* Release */ = {
			isa = XCBuildConfiguration;
			buildSettings = {
				ALWAYS_EMBED_SWIFT_STANDARD_LIBRARIES = YES;
				CODE_SIGN_STYLE = Automatic;
				INFOPLIST_FILE = FlickerSampleUITests/Info.plist;
				LD_RUNPATH_SEARCH_PATHS = "$(inherited) @executable_path/Frameworks @loader_path/Frameworks";
				PRODUCT_BUNDLE_IDENTIFIER = com.ravi.FlickerSampleUITests;
				PRODUCT_NAME = "$(TARGET_NAME)";
				SWIFT_VERSION = 4.0;
				TARGETED_DEVICE_FAMILY = "1,2";
				TEST_TARGET_NAME = FlickerSample;
			};
			name = Release;
		};
/* End XCBuildConfiguration section */

/* Begin XCConfigurationList section */
		5815BDC420D95D4A005150CB /* Build configuration list for PBXProject "FlickerSample" */ = {
			isa = XCConfigurationList;
			buildConfigurations = (
				5815BDEF20D95D4B005150CB /* Debug */,
				5815BDF020D95D4B005150CB /* Release */,
			);
			defaultConfigurationIsVisible = 0;
			defaultConfigurationName = Release;
		};
		5815BDF120D95D4B005150CB /* Build configuration list for PBXNativeTarget "FlickerSample" */ = {
			isa = XCConfigurationList;
			buildConfigurations = (
				5815BDF220D95D4B005150CB /* Debug */,
				5815BDF320D95D4B005150CB /* Release */,
			);
			defaultConfigurationIsVisible = 0;
			defaultConfigurationName = Release;
		};
		5815BDF420D95D4B005150CB /* Build configuration list for PBXNativeTarget "FlickerSampleTests" */ = {
			isa = XCConfigurationList;
			buildConfigurations = (
				5815BDF520D95D4B005150CB /* Debug */,
				5815BDF620D95D4B005150CB /* Release */,
			);
			defaultConfigurationIsVisible = 0;
			defaultConfigurationName = Release;
		};
		5815BDF720D95D4B005150CB /* Build configuration list for PBXNativeTarget "FlickerSampleUITests" */ = {
			isa = XCConfigurationList;
			buildConfigurations = (
				5815BDF820D95D4B005150CB /* Debug */,
				5815BDF920D95D4B005150CB /* Release */,
			);
			defaultConfigurationIsVisible = 0;
			defaultConfigurationName = Release;
		};
/* End XCConfigurationList section */
	};
	rootObject = 5815BDC120D95D4A005150CB /* Project object */;
}
